
Microsoft Visual Studio Solution File, Format Version 12.00
# Visual Studio Version 16
VisualStudioVersion = 16.0.29613.14
MinimumVisualStudioVersion = 10.0.40219.1
Project("{FAE04EC0-301F-11D3-BF4B-00C04F79EFBC}") = "Casino", "Casino\Casino.csproj", "{3ED22780-5729-4C0A-9964-238E4B36A43D}"
EndProject
Global
	GlobalSection(SolutionConfigurationPlatforms) = preSolution
		Debug|Any CPU = Debug|Any CPU
		Release|Any CPU = Release|Any CPU
	EndGlobalSection
	GlobalSection(ProjectConfigurationPlatforms) = postSolution
		{3ED22780-5729-4C0A-9964-238E4B36A43D}.Debug|Any CPU.ActiveCfg = Debug|Any CPU
		{3ED22780-5729-4C0A-9964-238E4B36A43D}.Debug|Any CPU.Build.0 = Debug|Any CPU
		{3ED22780-5729-4C0A-9964-238E4B36A43D}.Release|Any CPU.ActiveCfg = Release|Any CPU
		{3ED22780-5729-4C0A-9964-238E4B36A43D}.Release|Any CPU.Build.0 = Release|Any CPU
	EndGlobalSection
	GlobalSection(SolutionProperties) = preSolution
		HideSolutionNode = FALSE
	EndGlobalSection
	GlobalSection(ExtensibilityGlobals) = postSolution
		SolutionGuid = {77306A67-D96D-4219-962E-A0E98C3368EA}
	EndGlobalSection
EndGlobal
